
Microsoft Visual Studio Solution File, Format Version 12.00
# Visual Studio 15
VisualStudioVersion = 15.0.28307.2092
MinimumVisualStudioVersion = 10.0.40219.1
Project("{8BC9CEB8-8B4A-11D0-8D11-00A0C91BC942}") = "P10-7", "P10-7\P10-7.vcxproj", "{CA048605-9FD7-4FB2-BF1F-262AE8FDA56A}"
EndProject
Global
	GlobalSection(SolutionConfigurationPlatforms) = preSolution
		Debug|x64 = Debug|x64
		Debug|x86 = Debug|x86
		Release|x64 = Release|x64
		Release|x86 = Release|x86
	EndGlobalSection
	GlobalSection(ProjectConfigurationPlatforms) = postSolution
		{CA048605-9FD7-4FB2-BF1F-262AE8FDA56A}.Debug|x64.ActiveCfg = Debug|x64
		{CA048605-9FD7-4FB2-BF1F-262AE8FDA56A}.Debug|x64.Build.0 = Debug|x64
		{CA048605-9FD7-4FB2-BF1F-262AE8FDA56A}.Debug|x86.ActiveCfg = Debug|Win32
		{CA048605-9FD7-4FB2-BF1F-262AE8FDA56A}.Debug|x86.Build.0 = Debug|Win32
		{CA048605-9FD7-4FB2-BF1F-262AE8FDA56A}.Release|x64.ActiveCfg = Release|x64
		{CA048605-9FD7-4FB2-BF1F-262AE8FDA56A}.Release|x64.Build.0 = Release|x64
		{CA048605-9FD7-4FB2-BF1F-262AE8FDA56A}.Release|x86.ActiveCfg = Release|Win32
		{CA048605-9FD7-4FB2-BF1F-262AE8FDA56A}.Release|x86.Build.0 = Release|Win32
	EndGlobalSection
	GlobalSection(SolutionProperties) = preSolution
		HideSolutionNode = FALSE
	EndGlobalSection
	GlobalSection(ExtensibilityGlobals) = postSolution
		SolutionGuid = {DD64C3E4-BE57-45C2-874B-A14E3320A141}
	EndGlobalSection
EndGlobal
